github.com/PsyonixMonroe/AOCLib v0.0.0-20241211031333-7f460223cf17 h1:Abcrlosub93RG6b5lkInHibK4FlR0mfB9Oj+FtpKBAg=
github.com/PsyonixMonroe/AOCLib v0.0.0-20241211031333-7f460223cf17/go.mod h1:YqcCHoLOu3jjbfHolgsT/NVOH1gXK4Acp67/83bgmvY=
github.com/go-playground/assert/v2 v2.2.0 h1:JvknZsQTYeFEAhQwI4qEt9cyV5ONwRHC+lYKSsYSR8s=
github.com/go-playground/assert/v2 v2.2.0/go.mod h1:VDjEfimB/XKnb+ZQfWdccd7VUvScMdVu0Titje2rxJ4=
